
Microsoft Visual Studio Solution File, Format Version 12.00
# Visual Studio Version 17
VisualStudioVersion = 17.14.36705.20 d17.14
MinimumVisualStudioVersion = 10.0.40219.1
Project("{FAE04EC0-301F-11D3-BF4B-00C04F79EFBC}") = "Encryptor", "Encryptor.csproj", "{6C45CD96-C4B3-4011-B5C9-FAA25731D8F0}"
EndProject
Global
	GlobalSection(SolutionConfigurationPlatforms) = preSolution
		Debug|Any CPU = Debug|Any CPU
		Release|Any CPU = Release|Any CPU
	EndGlobalSection
	GlobalSection(ProjectConfigurationPlatforms) = postSolution
		{6C45CD96-C4B3-4011-B5C9-FAA25731D8F0}.Debug|Any CPU.ActiveCfg = Debug|Any CPU
		{6C45CD96-C4B3-4011-B5C9-FAA25731D8F0}.Debug|Any CPU.Build.0 = Debug|Any CPU
		{6C45CD96-C4B3-4011-B5C9-FAA25731D8F0}.Release|Any CPU.ActiveCfg = Release|Any CPU
		{6C45CD96-C4B3-4011-B5C9-FAA25731D8F0}.Release|Any CPU.Build.0 = Release|Any CPU
	EndGlobalSection
	GlobalSection(SolutionProperties) = preSolution
		HideSolutionNode = FALSE
	EndGlobalSection
	GlobalSection(ExtensibilityGlobals) = postSolution
		SolutionGuid = {24A70B6E-E191-4767-AB3B-29AD2E5778AF}
	EndGlobalSection
EndGlobal
